// !$*UTF8*$!
{
	archiveVersion = 1;
	classes = {
	};
	objectVersion = 77;
	objects = {

/* Begin PBXContainerItemProxy section */
		33BDD1942CF4D3A400B46D32 /* PBXContainerItemProxy */ = {
			isa = PBXContainerItemProxy;
			containerPortal = 33BDD17B2CF4D3A100B46D32 /* Project object */;
			proxyType = 1;
			remoteGlobalIDString = 33BDD1822CF4D3A200B46D32;
			remoteInfo = ProjectHackathon;
		};
		33BDD19E2CF4D3A400B46D32 /* PBXContainerItemProxy */ = {
			isa = PBXContainerItemProxy;
			containerPortal = 33BDD17B2CF4D3A100B46D32 /* Project object */;
			proxyType = 1;
			remoteGlobalIDString = 33BDD1822CF4D3A200B46D32;
			remoteInfo = ProjectHackathon;
		};
/* End PBXContainerItemProxy section */

/* Begin PBXFileReference section */
		33BDD1832CF4D3A200B46D32 /* ProjectHackathon.app */ = {isa = PBXFileReference; explicitFileType = wrapper.application; includeInIndex = 0; path = ProjectHackathon.app; sourceTree = BUILT_PRODUCTS_DIR; };
		33BDD1932CF4D3A400B46D32 /* ProjectHackathonTests.xctest */ = {isa = PBXFileReference; explicitFileType = wrapper.cfbundle; includeInIndex = 0; path = ProjectHackathonTests.xctest; sourceTree = BUILT_PRODUCTS_DIR; };
		33BDD19D2CF4D3A400B46D32 /* ProjectHackathonUITests.xctest */ = {isa = PBXFileReference; explicitFileType = wrapper.cfbundle; includeInIndex = 0; path = ProjectHackathonUITests.xctest; sourceTree = BUILT_PRODUCTS_DIR; };
/* End PBXFileReference section */

/* Begin PBXFileSystemSynchronizedRootGroup section */
		33BDD1852CF4D3A200B46D32 /* ProjectHackathon */ = {
			isa = PBXFileSystemSynchronizedRootGroup;
			path = ProjectHackathon;
			sourceTree = "<group>";
		};
		33BDD1962CF4D3A400B46D32 /* ProjectHackathonTests */ = {
			isa = PBXFileSystemSynchronizedRootGroup;
			path = ProjectHackathonTests;
			sourceTree = "<group>";
		};
		33BDD1A02CF4D3A400B46D32 /* ProjectHackathonUITests */ = {
			isa = PBXFileSystemSynchronizedRootGroup;
			path = ProjectHackathonUITests;
			sourceTree = "<group>";
		};
/* End PBXFileSystemSynchronizedRootGroup section */

/* Begin PBXFrameworksBuildPhase section */
		33BDD1802CF4D3A200B46D32 /* Frameworks */ = {
			isa = PBXFrameworksBuildPhase;
			buildActionMask = 2147483647;
			files = (
			);
			runOnlyForDeploymentPostprocessing = 0;
		};
		33BDD1902CF4D3A400B46D32 /* Frameworks */ = {
			isa = PBXFrameworksBuildPhase;
			buildActionMask = 2147483647;
			files = (
			);
			runOnlyForDeploymentPostprocessing = 0;
		};
		33BDD19A2CF4D3A400B46D32 /* Frameworks */ = {
			isa = PBXFrameworksBuildPhase;
			buildActionMask = 2147483647;
			files = (
			);
			runOnlyForDeploymentPostprocessing = 0;
		};
/* End PBXFrameworksBuildPhase section */

/* Begin PBXGroup section */
		33BDD17A2CF4D3A100B46D32 = {
			isa = PBXGroup;
			children = (
				33BDD1852CF4D3A200B46D32 /* ProjectHackathon */,
				33BDD1962CF4D3A400B46D32 /* ProjectHackathonTests */,
				33BDD1A02CF4D3A400B46D32 /* ProjectHackathonUITests */,
				33BDD1842CF4D3A200B46D32 /* Products */,
			);
			sourceTree = "<group>";
		};
		33BDD1842CF4D3A200B46D32 /* Products */ = {
			isa = PBXGroup;
			children = (
				33BDD1832CF4D3A200B46D32 /* ProjectHackathon.app */,
				33BDD1932CF4D3A400B46D32 /* ProjectHackathonTests.xctest */,
				33BDD19D2CF4D3A400B46D32 /* ProjectHackathonUITests.xctest */,
			);
			name = Products;
			sourceTree = "<group>";
		};
/* End PBXGroup section */

/* Begin PBXNativeTarget section */
		33BDD1822CF4D3A200B46D32 /* ProjectHackathon */ = {
			isa = PBXNativeTarget;
			buildConfigurationList = 33BDD1A72CF4D3A400B46D32 /* Build configuration list for PBXNativeTarget "ProjectHackathon" */;
			buildPhases = (
				33BDD17F2CF4D3A200B46D32 /* Sources */,
				33BDD1802CF4D3A200B46D32 /* Frameworks */,
				33BDD1812CF4D3A200B46D32 /* Resources */,
			);
			buildRules = (
			);
			dependencies = (
			);
			fileSystemSynchronizedGroups = (
				33BDD1852CF4D3A200B46D32 /* ProjectHackathon */,
			);
			name = ProjectHackathon;
			packageProductDependencies = (
			);
			productName = ProjectHackathon;
			productReference = 33BDD1832CF4D3A200B46D32 /* ProjectHackathon.app */;
			productType = "com.apple.product-type.application";
		};
		33BDD1922CF4D3A400B46D32 /* ProjectHackathonTests */ = {
			isa = PBXNativeTarget;
			buildConfigurationList = 33BDD1AA2CF4D3A400B46D32 /* Build configuration list for PBXNativeTarget "ProjectHackathonTests" */;
			buildPhases = (
				33BDD18F2CF4D3A400B46D32 /* Sources */,
				33BDD1902CF4D3A400B46D32 /* Frameworks */,
				33BDD1912CF4D3A400B46D32 /* Resources */,
			);
			buildRules = (
			);
			dependencies = (
				33BDD1952CF4D3A400B46D32 /* PBXTargetDependency */,
			);
			fileSystemSynchronizedGroups = (
				33BDD1962CF4D3A400B46D32 /* ProjectHackathonTests */,
			);
			name = ProjectHackathonTests;
			packageProductDependencies = (
			);
			productName = ProjectHackathonTests;
			productReference = 33BDD1932CF4D3A400B46D32 /* ProjectHackathonTests.xctest */;
			productType = "com.apple.product-type.bundle.unit-test";
		};
		33BDD19C2CF4D3A400B46D32 /* ProjectHackathonUITests */ = {
			isa = PBXNativeTarget;
			buildConfigurationList = 33BDD1AD2CF4D3A400B46D32 /* Build configuration list for PBXNativeTarget "ProjectHackathonUITests" */;
			buildPhases = (
				33BDD1992CF4D3A400B46D32 /* Sources */,
				33BDD19A2CF4D3A400B46D32 /* Frameworks */,
				33BDD19B2CF4D3A400B46D32 /* Resources */,
			);
			buildRules = (
			);
			dependencies = (
				33BDD19F2CF4D3A400B46D32 /* PBXTargetDependency */,
			);
			fileSystemSynchronizedGroups = (
				33BDD1A02CF4D3A400B46D32 /* ProjectHackathonUITests */,
			);
			name = ProjectHackathonUITests;
			packageProductDependencies = (
			);
			productName = ProjectHackathonUITests;
			productReference = 33BDD19D2CF4D3A400B46D32 /* ProjectHackathonUITests.xctest */;
			productType = "com.apple.product-type.bundle.ui-testing";
		};
/* End PBXNativeTarget section */

/* Begin PBXProject section */
		33BDD17B2CF4D3A100B46D32 /* Project object */ = {
			isa = PBXProject;
			attributes = {
				BuildIndependentTargetsInParallel = 1;
				LastSwiftUpdateCheck = 1610;
				LastUpgradeCheck = 1610;
				TargetAttributes = {
					33BDD1822CF4D3A200B46D32 = {
						CreatedOnToolsVersion = 16.1;
					};
					33BDD1922CF4D3A400B46D32 = {
						CreatedOnToolsVersion = 16.1;
						TestTargetID = 33BDD1822CF4D3A200B46D32;
					};
					33BDD19C2CF4D3A400B46D32 = {
						CreatedOnToolsVersion = 16.1;
						TestTargetID = 33BDD1822CF4D3A200B46D32;
					};
				};
			};
			buildConfigurationList = 33BDD17E2CF4D3A100B46D32 /* Build configuration list for PBXProject "ProjectHackathon" */;
			developmentRegion = en;
			hasScannedForEncodings = 0;
			knownRegions = (
				en,
				Base,
			);
			mainGroup = 33BDD17A2CF4D3A100B46D32;
			minimizedProjectReferenceProxies = 1;
			preferredProjectObjectVersion = 77;
			productRefGroup = 33BDD1842CF4D3A200B46D32 /* Products */;
			projectDirPath = "";
			projectRoot = "";
			targets = (
				33BDD1822CF4D3A200B46D32 /* ProjectHackathon */,
				33BDD1922CF4D3A400B46D32 /* ProjectHackathonTests */,
				33BDD19C2CF4D3A400B46D32 /* ProjectHackathonUITests */,
			);
		};
/* End PBXProject section */

/* Begin PBXResourcesBuildPhase section */
		33BDD1812CF4D3A200B46D32 /* Resources */ = {
			isa = PBXResourcesBuildPhase;
			buildActionMask = 2147483647;
			files = (
			);
			runOnlyForDeploymentPostprocessing = 0;
		};
		33BDD1912CF4D3A400B46D32 /* Resources */ = {
			isa = PBXResourcesBuildPhase;
			buildActionMask = 2147483647;
			files = (
			);
			runOnlyForDeploymentPostprocessing = 0;
		};
		33BDD19B2CF4D3A400B46D32 /* Resources */ = {
			isa = PBXResourcesBuildPhase;
			buildActionMask = 2147483647;
			files = (
			);
			runOnlyForDeploymentPostprocessing = 0;
		};
/* End PBXResourcesBuildPhase section */

/* Begin PBXSourcesBuildPhase section */
		33BDD17F2CF4D3A200B46D32 /* Sources */ = {
			isa = PBXSourcesBuildPhase;
			buildActionMask = 2147483647;
			files = (
			);
			runOnlyForDeploymentPostprocessing = 0;
		};
		33BDD18F2CF4D3A400B46D32 /* Sources */ = {
			isa = PBXSourcesBuildPhase;
			buildActionMask = 2147483647;
			files = (
			);
			runOnlyForDeploymentPostprocessing = 0;
		};
		33BDD1992CF4D3A400B46D32 /* Sources */ = {
			isa = PBXSourcesBuildPhase;
			buildActionMask = 2147483647;
			files = (
			);
			runOnlyForDeploymentPostprocessing = 0;
		};
/* End PBXSourcesBuildPhase section */

/* Begin PBXTargetDependency section */
		33BDD1952CF4D3A400B46D32 /* PBXTargetDependency */ = {
			isa = PBXTargetDependency;
			target = 33BDD1822CF4D3A200B46D32 /* ProjectHackathon */;
			targetProxy = 33BDD1942CF4D3A400B46D32 /* PBXContainerItemProxy */;
		};
		33BDD19F2CF4D3A400B46D32 /* PBXTargetDependency */ = {
			isa = PBXTargetDependency;
			target = 33BDD1822CF4D3A200B46D32 /* ProjectHackathon */;
			targetProxy = 33BDD19E2CF4D3A400B46D32 /* PBXContainerItemProxy */;
		};
/* End PBXTargetDependency section */

/* Begin XCBuildConfiguration section */
		33BDD1A52CF4D3A400B46D32 /* Debug */ = {
			isa = XCBuildConfiguration;
			buildSettings = {
				ALWAYS_SEARCH_USER_PATHS = NO;
				ASSETCATALOG_COMPILER_GENERATE_SWIFT_ASSET_SYMBOL_EXTENSIONS = YES;
				CLANG_ANALYZER_NONNULL = YES;
				CLANG_ANALYZER_NUMBER_OBJECT_CONVERSION = YES_AGGRESSIVE;
				CLANG_CXX_LANGUAGE_STANDARD = "gnu++20";
				CLANG_ENABLE_MODULES = YES;
				CLANG_ENABLE_OBJC_ARC = YES;
				CLANG_ENABLE_OBJC_WEAK = YES;
				CLANG_WARN_BLOCK_CAPTURE_AUTORELEASING = YES;
				CLANG_WARN_BOOL_CONVERSION = YES;
				CLANG_WARN_COMMA = YES;
				CLANG_WARN_CONSTANT_CONVERSION = YES;
				CLANG_WARN_DEPRECATED_OBJC_IMPLEMENTATIONS = YES;
				CLANG_WARN_DIRECT_OBJC_ISA_USAGE = YES_ERROR;
				CLANG_WARN_DOCUMENTATION_COMMENTS = YES;
				CLANG_WARN_EMPTY_BODY = YES;
				CLANG_WARN_ENUM_CONVERSION = YES;
				CLANG_WARN_INFINITE_RECURSION = YES;
				CLANG_WARN_INT_CONVERSION = YES;
				CLANG_WARN_NON_LITERAL_NULL_CONVERSION = YES;
				CLANG_WARN_OBJC_IMPLICIT_RETAIN_SELF = YES;
				CLANG_WARN_OBJC_LITERAL_CONVERSION = YES;
				CLANG_WARN_OBJC_ROOT_CLASS = YES_ERROR;
				CLANG_WARN_QUOTED_INCLUDE_IN_FRAMEWORK_HEADER = YES;
				CLANG_WARN_RANGE_LOOP_ANALYSIS = YES;
				CLANG_WARN_STRICT_PROTOTYPES = YES;
				CLANG_WARN_SUSPICIOUS_MOVE = YES;
				CLANG_WARN_UNGUARDED_AVAILABILITY = YES_AGGRESSIVE;
				CLANG_WARN_UNREACHABLE_CODE = YES;
				CLANG_WARN__DUPLICATE_METHOD_MATCH = YES;
				COPY_PHASE_STRIP = NO;
				DEBUG_INFORMATION_FORMAT = dwarf;
				ENABLE_STRICT_OBJC_MSGSEND = YES;
				ENABLE_TESTABILITY = YES;
				ENABLE_USER_SCRIPT_SANDBOXING = YES;
				GCC_C_LANGUAGE_STANDARD = gnu17;
				GCC_DYNAMIC_NO_PIC = NO;
				GCC_NO_COMMON_BLOCKS = YES;
				GCC_OPTIMIZATION_LEVEL = 0;
				GCC_PREPROCESSOR_DEFINITIONS = (
					"DEBUG=1",
					"$(inherited)",
				);
				GCC_WARN_64_TO_32_BIT_CONVERSION = YES;
				GCC_WARN_ABOUT_RETURN_TYPE = YES_ERROR;
				GCC_WARN_UNDECLARED_SELECTOR = YES;
				GCC_WARN_UNINITIALIZED_AUTOS = YES_AGGRESSIVE;
				GCC_WARN_UNUSED_FUNCTION = YES;
				GCC_WARN_UNUSED_VARIABLE = YES;
				IPHONEOS_DEPLOYMENT_TARGET = 18.1;
				LOCALIZATION_PREFERS_STRING_CATALOGS = YES;
				MTL_ENABLE_DEBUG_INFO = INCLUDE_SOURCE;
				MTL_FAST_MATH = YES;
				ONLY_ACTIVE_ARCH = YES;
				SDKROOT = iphoneos;
				SWIFT_ACTIVE_COMPILATION_CONDITIONS = "DEBUG $(inherited)";
				SWIFT_OPTIMIZATION_LEVEL = "-Onone";
			};
			name = Debug;
		};
		33BDD1A62CF4D3A400B46D32 /* Release */ = {
			isa = XCBuildConfiguration;
			buildSettings = {
				ALWAYS_SEARCH_USER_PATHS = NO;
				ASSETCATALOG_COMPILER_GENERATE_SWIFT_ASSET_SYMBOL_EXTENSIONS = YES;
				CLANG_ANALYZER_NONNULL = YES;
				CLANG_ANALYZER_NUMBER_OBJECT_CONVERSION = YES_AGGRESSIVE;
				CLANG_CXX_LANGUAGE_STANDARD = "gnu++20";
				CLANG_ENABLE_MODULES = YES;
				CLANG_ENABLE_OBJC_ARC = YES;
				CLANG_ENABLE_OBJC_WEAK = YES;
				CLANG_WARN_BLOCK_CAPTURE_AUTORELEASING = YES;
				CLANG_WARN_BOOL_CONVERSION = YES;
				CLANG_WARN_COMMA = YES;
				CLANG_WARN_CONSTANT_CONVERSION = YES;
				CLANG_WARN_DEPRECATED_OBJC_IMPLEMENTATIONS = YES;
				CLANG_WARN_DIRECT_OBJC_ISA_USAGE = YES_ERROR;
				CLANG_WARN_DOCUMENTATION_COMMENTS = YES;
				CLANG_WARN_EMPTY_BODY = YES;
				CLANG_WARN_ENUM_CONVERSION = YES;
				CLANG_WARN_INFINITE_RECURSION = YES;
				CLANG_WARN_INT_CONVERSION = YES;
				CLANG_WARN_NON_LITERAL_NULL_CONVERSION = YES;
				CLANG_WARN_OBJC_IMPLICIT_RETAIN_SELF = YES;
				CLANG_WARN_OBJC_LITERAL_CONVERSION = YES;
				CLANG_WARN_OBJC_ROOT_CLASS = YES_ERROR;
				CLANG_WARN_QUOTED_INCLUDE_IN_FRAMEWORK_HEADER = YES;
				CLANG_WARN_RANGE_LOOP_ANALYSIS = YES;
				CLANG_WARN_STRICT_PROTOTYPES = YES;
				CLANG_WARN_SUSPICIOUS_MOVE = YES;
				CLANG_WARN_UNGUARDED_AVAILABILITY = YES_AGGRESSIVE;
				CLANG_WARN_UNREACHABLE_CODE = YES;
				CLANG_WARN__DUPLICATE_METHOD_MATCH = YES;
				COPY_PHASE_STRIP = NO;
				DEBUG_INFORMATION_FORMAT = "dwarf-with-dsym";
				ENABLE_NS_ASSERTIONS = NO;
				ENABLE_STRICT_OBJC_MSGSEND = YES;
				ENABLE_USER_SCRIPT_SANDBOXING = YES;
				GCC_C_LANGUAGE_STANDARD = gnu17;
				GCC_NO_COMMON_BLOCKS = YES;
				GCC_WARN_64_TO_32_BIT_CONVERSION = YES;
				GCC_WARN_ABOUT_RETURN_TYPE = YES_ERROR;
				GCC_WARN_UNDECLARED_SELECTOR = YES;
				GCC_WARN_UNINITIALIZED_AUTOS = YES_AGGRESSIVE;
				GCC_WARN_UNUSED_FUNCTION = YES;
				GCC_WARN_UNUSED_VARIABLE = YES;
				IPHONEOS_DEPLOYMENT_TARGET = 18.1;
				LOCALIZATION_PREFERS_STRING_CATALOGS = YES;
				MTL_ENABLE_DEBUG_INFO = NO;
				MTL_FAST_MATH = YES;
				SDKROOT = iphoneos;
				SWIFT_COMPILATION_MODE = wholemodule;
				VALIDATE_PRODUCT = YES;
			};
			name = Release;
		};
		33BDD1A82CF4D3A400B46D32 /* Debug */ = {
			isa = XCBuildConfiguration;
			buildSettings = {
				ASSETCATALOG_COMPILER_APPICON_NAME = AppIcon;
				ASSETCATALOG_COMPILER_GLOBAL_ACCENT_COLOR_NAME = AccentColor;
				CODE_SIGN_STYLE = Automatic;
				CURRENT_PROJECT_VERSION = 1;
				DEVELOPMENT_ASSET_PATHS = "\"ProjectHackathon/Preview Content\"";
				ENABLE_PREVIEWS = YES;
				GENERATE_INFOPLIST_FILE = YES;
				INFOPLIST_KEY_UIApplicationSceneManifest_Generation = YES;
				INFOPLIST_KEY_UIApplicationSupportsIndirectInputEvents = YES;
				INFOPLIST_KEY_UILaunchScreen_Generation = YES;
				INFOPLIST_KEY_UISupportedInterfaceOrientations_iPad = "UIInterfaceOrientationPortrait UIInterfaceOrientationPortraitUpsideDown UIInterfaceOrientationLandscapeLeft UIInterfaceOrientationLandscapeRight";
				INFOPLIST_KEY_UISupportedInterfaceOrientations_iPhone = "UIInterfaceOrientationPortrait UIInterfaceOrientationLandscapeLeft UIInterfaceOrientationLandscapeRight";
				LD_RUNPATH_SEARCH_PATHS = (
					"$(inherited)",
					"@executable_path/Frameworks",
				);
				MARKETING_VERSION = 1.0;
				PRODUCT_BUNDLE_IDENTIFIER = unam.ProjectHackathon;
				PRODUCT_NAME = "$(TARGET_NAME)";
				SWIFT_EMIT_LOC_STRINGS = YES;
				SWIFT_VERSION = 5.0;
				TARGETED_DEVICE_FAMILY = "1,2";
			};
			name = Debug;
		};
		33BDD1A92CF4D3A400B46D32 /* Release */ = {
			isa = XCBuildConfiguration;
			buildSettings = {
				ASSETCATALOG_COMPILER_APPICON_NAME = AppIcon;
				ASSETCATALOG_COMPILER_GLOBAL_ACCENT_COLOR_NAME = AccentColor;
				CODE_SIGN_STYLE = Automatic;
				CURRENT_PROJECT_VERSION = 1;
				DEVELOPMENT_ASSET_PATHS = "\"ProjectHackathon/Preview Content\"";
				ENABLE_PREVIEWS = YES;
				GENERATE_INFOPLIST_FILE = YES;
				INFOPLIST_KEY_UIApplicationSceneManifest_Generation = YES;
				INFOPLIST_KEY_UIApplicationSupportsIndirectInputEvents = YES;
				INFOPLIST_KEY_UILaunchScreen_Generation = YES;
				INFOPLIST_KEY_UISupportedInterfaceOrientations_iPad = "UIInterfaceOrientationPortrait UIInterfaceOrientationPortraitUpsideDown UIInterfaceOrientationLandscapeLeft UIInterfaceOrientationLandscapeRight";
				INFOPLIST_KEY_UISupportedInterfaceOrientations_iPhone = "UIInterfaceOrientationPortrait UIInterfaceOrientationLandscapeLeft UIInterfaceOrientationLandscapeRight";
				LD_RUNPATH_SEARCH_PATHS = (
					"$(inherited)",
					"@executable_path/Frameworks",
				);
				MARKETING_VERSION = 1.0;
				PRODUCT_BUNDLE_IDENTIFIER = unam.ProjectHackathon;
				PRODUCT_NAME = "$(TARGET_NAME)";
				SWIFT_EMIT_LOC_STRINGS = YES;
				SWIFT_VERSION = 5.0;
				TARGETED_DEVICE_FAMILY = "1,2";
			};
			name = Release;
		};
		33BDD1AB2CF4D3A400B46D32 /* Debug */ = {
			isa = XCBuildConfiguration;
			buildSettings = {
				BUNDLE_LOADER = "$(TEST_HOST)";
				CODE_SIGN_STYLE = Automatic;
				CURRENT_PROJECT_VERSION = 1;
				GENERATE_INFOPLIST_FILE = YES;
				IPHONEOS_DEPLOYMENT_TARGET = 18.1;
				MARKETING_VERSION = 1.0;
				PRODUCT_BUNDLE_IDENTIFIER = unam.ProjectHackathonTests;
				PRODUCT_NAME = "$(TARGET_NAME)";
				SWIFT_EMIT_LOC_STRINGS = NO;
				SWIFT_VERSION = 5.0;
				TARGETED_DEVICE_FAMILY = "1,2";
				TEST_HOST = "$(BUILT_PRODUCTS_DIR)/ProjectHackathon.app/$(BUNDLE_EXECUTABLE_FOLDER_PATH)/ProjectHackathon";
			};
			name = Debug;
		};
		33BDD1AC2CF4D3A400B46D32 /* Release */ = {
			isa = XCBuildConfiguration;
			buildSettings = {
				BUNDLE_LOADER = "$(TEST_HOST)";
				CODE_SIGN_STYLE = Automatic;
				CURRENT_PROJECT_VERSION = 1;
				GENERATE_INFOPLIST_FILE = YES;
				IPHONEOS_DEPLOYMENT_TARGET = 18.1;
				MARKETING_VERSION = 1.0;
				PRODUCT_BUNDLE_IDENTIFIER = unam.ProjectHackathonTests;
				PRODUCT_NAME = "$(TARGET_NAME)";
				SWIFT_EMIT_LOC_STRINGS = NO;
				SWIFT_VERSION = 5.0;
				TARGETED_DEVICE_FAMILY = "1,2";
				TEST_HOST = "$(BUILT_PRODUCTS_DIR)/ProjectHackathon.app/$(BUNDLE_EXECUTABLE_FOLDER_PATH)/ProjectHackathon";
			};
			name = Release;
		};
		33BDD1AE2CF4D3A400B46D32 /* Debug */ = {
			isa = XCBuildConfiguration;
			buildSettings = {
				CODE_SIGN_STYLE = Automatic;
				CURRENT_PROJECT_VERSION = 1;
				GENERATE_INFOPLIST_FILE = YES;
				MARKETING_VERSION = 1.0;
				PRODUCT_BUNDLE_IDENTIFIER = unam.ProjectHackathonUITests;
				PRODUCT_NAME = "$(TARGET_NAME)";
				SWIFT_EMIT_LOC_STRINGS = NO;
				SWIFT_VERSION = 5.0;
				TARGETED_DEVICE_FAMILY = "1,2";
				TEST_TARGET_NAME = ProjectHackathon;
			};
			name = Debug;
		};
		33BDD1AF2CF4D3A400B46D32 /* Release */ = {
			isa = XCBuildConfiguration;
			buildSettings = {
				CODE_SIGN_STYLE = Automatic;
				CURRENT_PROJECT_VERSION = 1;
				GENERATE_INFOPLIST_FILE = YES;
				MARKETING_VERSION = 1.0;
				PRODUCT_BUNDLE_IDENTIFIER = unam.ProjectHackathonUITests;
				PRODUCT_NAME = "$(TARGET_NAME)";
				SWIFT_EMIT_LOC_STRINGS = NO;
				SWIFT_VERSION = 5.0;
				TARGETED_DEVICE_FAMILY = "1,2";
				TEST_TARGET_NAME = ProjectHackathon;
			};
			name = Release;
		};
/* End XCBuildConfiguration section */

/* Begin XCConfigurationList section */
		33BDD17E2CF4D3A100B46D32 /* Build configuration list for PBXProject "ProjectHackathon" */ = {
			isa = XCConfigurationList;
			buildConfigurations = (
				33BDD1A52CF4D3A400B46D32 /* Debug */,
				33BDD1A62CF4D3A400B46D32 /* Release */,
			);
			defaultConfigurationIsVisible = 0;
			defaultConfigurationName = Release;
		};
		33BDD1A72CF4D3A400B46D32 /* Build configuration list for PBXNativeTarget "ProjectHackathon" */ = {
			isa = XCConfigurationList;
			buildConfigurations = (
				33BDD1A82CF4D3A400B46D32 /* Debug */,
				33BDD1A92CF4D3A400B46D32 /* Release */,
			);
			defaultConfigurationIsVisible = 0;
			defaultConfigurationName = Release;
		};
		33BDD1AA2CF4D3A400B46D32 /* Build configuration list for PBXNativeTarget "ProjectHackathonTests" */ = {
			isa = XCConfigurationList;
			buildConfigurations = (
				33BDD1AB2CF4D3A400B46D32 /* Debug */,
				33BDD1AC2CF4D3A400B46D32 /* Release */,
			);
			defaultConfigurationIsVisible = 0;
			defaultConfigurationName = Release;
		};
		33BDD1AD2CF4D3A400B46D32 /* Build configuration list for PBXNativeTarget "ProjectHackathonUITests" */ = {
			isa = XCConfigurationList;
			buildConfigurations = (
				33BDD1AE2CF4D3A400B46D32 /* Debug */,
				33BDD1AF2CF4D3A400B46D32 /* Release */,
			);
			defaultConfigurationIsVisible = 0;
			defaultConfigurationName = Release;
		};
/* End XCConfigurationList section */
	};
	rootObject = 33BDD17B2CF4D3A100B46D32 /* Project object */;
}
